{
  "name": "typeq",
  "version": "0.0.2",
  "lockfileVersion": 2,
  "requires": true,
  "packages": {
    "": {
      "name": "typeq",
      "version": "0.0.2",
      "license": "ISC",
      "dependencies": {
        "@typeq/postgres": "file:../@typeq-postgres"
      },
      "devDependencies": {
        "@typeq/pg": "file:../@typeq-pg",
        "@types/assert": "^1.5.6",
        "jtm": "^1.1.2",
        "typea": "^8.3.4"
      }
    },
    "../../../../../usr/local/lib/node_modules/jtm/symlink": {
      "name": "jtm",
      "extraneous": true
    },
    "../@typeq-pg": {
      "name": "@typeq/pg",
      "version": "1.0.0",
      "dev": true,
      "license": "ISC",
      "dependencies": {
        "pg": "^8.7.3",
        "postgres": "^3.2.4"
      },
      "devDependencies": {
        "@types/node": "^18.6.1"
      }
    },
    "../@typeq-postgres": {
      "name": "@typeq/postgres",
      "version": "1.0.0",
      "license": "ISC",
      "dependencies": {
        "postgres": "^3.2.4"
      },
      "devDependencies": {
        "@types/node": "^18.6.1"
      }
    },
    "node_modules/@typeq/pg": {
      "resolved": "../@typeq-pg",
      "link": true
    },
    "node_modules/@typeq/postgres": {
      "resolved": "../@typeq-postgres",
      "link": true
    },
    "node_modules/@types/assert": {
      "version": "1.5.6",
      "resolved": "https://registry.npmjs.org/@types/assert/-/assert-1.5.6.tgz",
      "integrity": "sha512-Y7gDJiIqb9qKUHfBQYOWGngUpLORtirAVPuj/CWJrU2C6ZM4/y3XLwuwfGMF8s7QzW746LQZx23m0+1FSgjfug==",
      "dev": true
    },
    "node_modules/jtm": {
      "version": "1.1.2",
      "resolved": "https://registry.npmjs.org/jtm/-/jtm-1.1.2.tgz",
      "integrity": "sha512-NLWqV+rlqupNVMbTIVH4ULkELUJoQdI9Q6YItoi7bZvN1ELiskIBc8uVE4ZbW7AvHdGQf5d2pli2mk940hnCdA==",
      "dev": true,
      "bin": {
        "jtm": "bin/index.js"
      },
      "engines": {
        "node": ">= 16.0.0"
      }
    },
    "node_modules/typea": {
      "version": "8.3.4",
      "resolved": "https://registry.npmjs.org/typea/-/typea-8.3.4.tgz",
      "integrity": "sha512-o9yzWAk2AgRcxsLWKqjMrQSYWS59zGYi4v0zHP79ugaO/uO4qQfT73dgmibrQPtuNZmlzi4NcPfQ7bUQC99Irw==",
      "dev": true
    }
  },
  "dependencies": {
    "@typeq/pg": {
      "version": "file:../@typeq-pg",
      "requires": {
        "@types/node": "^18.6.1",
        "pg": "^8.7.3",
        "postgres": "^3.2.4"
      }
    },
    "@typeq/postgres": {
      "version": "file:../@typeq-postgres",
      "requires": {
        "@types/node": "^18.6.1",
        "postgres": "^3.2.4"
      }
    },
    "@types/assert": {
      "version": "1.5.6",
      "resolved": "https://registry.npmjs.org/@types/assert/-/assert-1.5.6.tgz",
      "integrity": "sha512-Y7gDJiIqb9qKUHfBQYOWGngUpLORtirAVPuj/CWJrU2C6ZM4/y3XLwuwfGMF8s7QzW746LQZx23m0+1FSgjfug==",
      "dev": true
    },
    "jtm": {
      "version": "1.1.2",
      "resolved": "https://registry.npmjs.org/jtm/-/jtm-1.1.2.tgz",
      "integrity": "sha512-NLWqV+rlqupNVMbTIVH4ULkELUJoQdI9Q6YItoi7bZvN1ELiskIBc8uVE4ZbW7AvHdGQf5d2pli2mk940hnCdA==",
      "dev": true
    },
    "typea": {
      "version": "8.3.4",
      "resolved": "https://registry.npmjs.org/typea/-/typea-8.3.4.tgz",
      "integrity": "sha512-o9yzWAk2AgRcxsLWKqjMrQSYWS59zGYi4v0zHP79ugaO/uO4qQfT73dgmibrQPtuNZmlzi4NcPfQ7bUQC99Irw==",
      "dev": true
    }
  }
}
